
Microsoft Visual Studio Solution File, Format Version 12.00
# Visual Studio 14
VisualStudioVersion = 14.0.23107.0
MinimumVisualStudioVersion = 10.0.40219.1
Project("{2150E333-8FDC-42A3-9474-1A3956D46DE8}") = "src", "src", "{6EA3DA62-9C8B-4A05-8F5D-52F1CDCCCE7B}"
EndProject
Project("{2150E333-8FDC-42A3-9474-1A3956D46DE8}") = "Solution Items", "Solution Items", "{AB55FA3A-DFD5-405D-B7A8-4305276FBDB3}"
	ProjectSection(SolutionItems) = preProject
		global.json = global.json
		NuGet.Config = NuGet.Config
		readme.md = readme.md
	EndProjectSection
EndProject
Project("{8BB2217D-0F2D-49D1-97BC-3654ED321F3B}") = "SpaceshipTracker.Web", "src\SpaceshipTracker.Web\SpaceshipTracker.Web.xproj", "{CE5305BE-49ED-4D1A-83C0-D06ADC63B284}"
EndProject
Project("{8BB2217D-0F2D-49D1-97BC-3654ED321F3B}") = "SpaceshipTracker.Web.Tests", "test\SpaceshipTracker.Web.Tests\SpaceshipTracker.Web.Tests.xproj", "{DD1C9318-E5FD-4A54-AB87-3E2323A207AF}"
EndProject
Project("{2150E333-8FDC-42A3-9474-1A3956D46DE8}") = "test", "test", "{26742830-4795-48AA-82D7-F198A74CE6EB}"
EndProject
Global
	GlobalSection(SolutionConfigurationPlatforms) = preSolution
		Debug|Any CPU = Debug|Any CPU
		Release|Any CPU = Release|Any CPU
	EndGlobalSection
	GlobalSection(ProjectConfigurationPlatforms) = postSolution
		{CE5305BE-49ED-4D1A-83C0-D06ADC63B284}.Debug|Any CPU.ActiveCfg = Debug|Any CPU
		{CE5305BE-49ED-4D1A-83C0-D06ADC63B284}.Debug|Any CPU.Build.0 = Debug|Any CPU
		{CE5305BE-49ED-4D1A-83C0-D06ADC63B284}.Release|Any CPU.ActiveCfg = Release|Any CPU
		{CE5305BE-49ED-4D1A-83C0-D06ADC63B284}.Release|Any CPU.Build.0 = Release|Any CPU
		{DD1C9318-E5FD-4A54-AB87-3E2323A207AF}.Debug|Any CPU.ActiveCfg = Debug|Any CPU
		{DD1C9318-E5FD-4A54-AB87-3E2323A207AF}.Debug|Any CPU.Build.0 = Debug|Any CPU
		{DD1C9318-E5FD-4A54-AB87-3E2323A207AF}.Release|Any CPU.ActiveCfg = Release|Any CPU
		{DD1C9318-E5FD-4A54-AB87-3E2323A207AF}.Release|Any CPU.Build.0 = Release|Any CPU
	EndGlobalSection
	GlobalSection(SolutionProperties) = preSolution
		HideSolutionNode = FALSE
	EndGlobalSection
	GlobalSection(NestedProjects) = preSolution
		{CE5305BE-49ED-4D1A-83C0-D06ADC63B284} = {6EA3DA62-9C8B-4A05-8F5D-52F1CDCCCE7B}
		{DD1C9318-E5FD-4A54-AB87-3E2323A207AF} = {26742830-4795-48AA-82D7-F198A74CE6EB}
	EndGlobalSection
EndGlobal
